
Microsoft Visual Studio Solution File, Format Version 12.00
# Visual Studio Version 17
VisualStudioVersion = 17.1.32421.90
MinimumVisualStudioVersion = 10.0.40219.1
Project("{9A19103F-16F7-4668-BE54-9A1E7A4F7556}") = "PokemonReviewApp", "PokemonReviewApp\PokemonReviewApp.csproj", "{00EB6A0B-5DA6-4DD7-BDC0-506BE82915AE}"
EndProject
Global
	GlobalSection(SolutionConfigurationPlatforms) = preSolution
		Debug|Any CPU = Debug|Any CPU
		Release|Any CPU = Release|Any CPU
	EndGlobalSection
	GlobalSection(ProjectConfigurationPlatforms) = postSolution
		{00EB6A0B-5DA6-4DD7-BDC0-506BE82915AE}.Debug|Any CPU.ActiveCfg = Debug|Any CPU
		{00EB6A0B-5DA6-4DD7-BDC0-506BE82915AE}.Debug|Any CPU.Build.0 = Debug|Any CPU
		{00EB6A0B-5DA6-4DD7-BDC0-506BE82915AE}.Release|Any CPU.ActiveCfg = Release|Any CPU
		{00EB6A0B-5DA6-4DD7-BDC0-506BE82915AE}.Release|Any CPU.Build.0 = Release|Any CPU
	EndGlobalSection
	GlobalSection(SolutionProperties) = preSolution
		HideSolutionNode = FALSE
	EndGlobalSection
	GlobalSection(ExtensibilityGlobals) = postSolution
		SolutionGuid = {3DB08B27-EA95-4B70-B6EE-3054CAB20515}
	EndGlobalSection
EndGlobal
